
Microsoft Visual Studio Solution File, Format Version 12.00
# Visual Studio Version 17
VisualStudioVersion = 17.6.33723.286
MinimumVisualStudioVersion = 10.0.40219.1
Project("{535C04D7-A2A5-47C7-83E0-B340A995CD1F}") = "Add01", "Add01\Add01.cblproj", "{58A643F5-51E0-47CD-9AED-B31EA29D414E}"
EndProject
Global
	GlobalSection(SolutionConfigurationPlatforms) = preSolution
		Debug|Any CPU = Debug|Any CPU
		Release|Any CPU = Release|Any CPU
	EndGlobalSection
	GlobalSection(ProjectConfigurationPlatforms) = postSolution
		{58A643F5-51E0-47CD-9AED-B31EA29D414E}.Debug|Any CPU.ActiveCfg = Debug|Any CPU
		{58A643F5-51E0-47CD-9AED-B31EA29D414E}.Debug|Any CPU.Build.0 = Debug|Any CPU
		{58A643F5-51E0-47CD-9AED-B31EA29D414E}.Release|Any CPU.ActiveCfg = Release|Any CPU
		{58A643F5-51E0-47CD-9AED-B31EA29D414E}.Release|Any CPU.Build.0 = Release|Any CPU
	EndGlobalSection
	GlobalSection(SolutionProperties) = preSolution
		HideSolutionNode = FALSE
	EndGlobalSection
	GlobalSection(ExtensibilityGlobals) = postSolution
		SolutionGuid = {B4AE9D12-ACDC-4CB5-A76E-60BE6FA3DDC7}
	EndGlobalSection
EndGlobal
